
Microsoft Visual Studio Solution File, Format Version 12.00
# Visual Studio Version 17
VisualStudioVersion = 17.5.002.0
MinimumVisualStudioVersion = 10.0.40219.1
Project("{9A19103F-16F7-4668-BE54-9A1E7A4F7556}") = "DesafioBackend.API", "DesafioBackend.API\DesafioBackend.API.csproj", "{0BEB040D-BB00-4493-90CB-2945B969AB7C}"
EndProject
Project("{9A19103F-16F7-4668-BE54-9A1E7A4F7556}") = "DesafioBackend.Application", "DesafioBackend.Application\DesafioBackend.Application.csproj", "{CA3E561E-85CA-4951-B431-755F6368973A}"
EndProject
Project("{9A19103F-16F7-4668-BE54-9A1E7A4F7556}") = "DesafioBackend.Core", "DesafioBackend.Core\DesafioBackend.Core.csproj", "{DE3926C4-FE0A-48A7-B40D-B37372821D33}"
EndProject
Project("{9A19103F-16F7-4668-BE54-9A1E7A4F7556}") = "DesafioBackend.Infrastructure", "DesafioBackend.Infrastructure\DesafioBackend.Infrastructure.csproj", "{22884B31-0672-477C-B598-2349A83EFB8B}"
EndProject
Global
	GlobalSection(SolutionConfigurationPlatforms) = preSolution
		Debug|Any CPU = Debug|Any CPU
		Release|Any CPU = Release|Any CPU
	EndGlobalSection
	GlobalSection(ProjectConfigurationPlatforms) = postSolution
		{0BEB040D-BB00-4493-90CB-2945B969AB7C}.Debug|Any CPU.ActiveCfg = Debug|Any CPU
		{0BEB040D-BB00-4493-90CB-2945B969AB7C}.Debug|Any CPU.Build.0 = Debug|Any CPU
		{0BEB040D-BB00-4493-90CB-2945B969AB7C}.Release|Any CPU.ActiveCfg = Release|Any CPU
		{0BEB040D-BB00-4493-90CB-2945B969AB7C}.Release|Any CPU.Build.0 = Release|Any CPU
		{CA3E561E-85CA-4951-B431-755F6368973A}.Debug|Any CPU.ActiveCfg = Debug|Any CPU
		{CA3E561E-85CA-4951-B431-755F6368973A}.Debug|Any CPU.Build.0 = Debug|Any CPU
		{CA3E561E-85CA-4951-B431-755F6368973A}.Release|Any CPU.ActiveCfg = Release|Any CPU
		{CA3E561E-85CA-4951-B431-755F6368973A}.Release|Any CPU.Build.0 = Release|Any CPU
		{DE3926C4-FE0A-48A7-B40D-B37372821D33}.Debug|Any CPU.ActiveCfg = Debug|Any CPU
		{DE3926C4-FE0A-48A7-B40D-B37372821D33}.Debug|Any CPU.Build.0 = Debug|Any CPU
		{DE3926C4-FE0A-48A7-B40D-B37372821D33}.Release|Any CPU.ActiveCfg = Release|Any CPU
		{DE3926C4-FE0A-48A7-B40D-B37372821D33}.Release|Any CPU.Build.0 = Release|Any CPU
		{22884B31-0672-477C-B598-2349A83EFB8B}.Debug|Any CPU.ActiveCfg = Debug|Any CPU
		{22884B31-0672-477C-B598-2349A83EFB8B}.Debug|Any CPU.Build.0 = Debug|Any CPU
		{22884B31-0672-477C-B598-2349A83EFB8B}.Release|Any CPU.ActiveCfg = Release|Any CPU
		{22884B31-0672-477C-B598-2349A83EFB8B}.Release|Any CPU.Build.0 = Release|Any CPU
	EndGlobalSection
	GlobalSection(SolutionProperties) = preSolution
		HideSolutionNode = FALSE
	EndGlobalSection
	GlobalSection(ExtensibilityGlobals) = postSolution
		SolutionGuid = {0E0AE8DB-811B-4033-AE47-4D2C8662BECE}
	EndGlobalSection
EndGlobal
